
Microsoft Visual Studio Solution File, Format Version 12.00
# Visual Studio Version 16
VisualStudioVersion = 16.0.33328.57
MinimumVisualStudioVersion = 10.0.40219.1
Project("{FAE04EC0-301F-11D3-BF4B-00C04F79EFBC}") = "QuanLyChiTieu", "QuanLyChiTieu.csproj", "{95F6C4A3-3810-4830-9166-96F0181CAACF}"
EndProject
Global
	GlobalSection(SolutionConfigurationPlatforms) = preSolution
		Debug|Any CPU = Debug|Any CPU
		Release|Any CPU = Release|Any CPU
	EndGlobalSection
	GlobalSection(ProjectConfigurationPlatforms) = postSolution
		{95F6C4A3-3810-4830-9166-96F0181CAACF}.Debug|Any CPU.ActiveCfg = Debug|Any CPU
		{95F6C4A3-3810-4830-9166-96F0181CAACF}.Debug|Any CPU.Build.0 = Debug|Any CPU
		{95F6C4A3-3810-4830-9166-96F0181CAACF}.Release|Any CPU.ActiveCfg = Release|Any CPU
		{95F6C4A3-3810-4830-9166-96F0181CAACF}.Release|Any CPU.Build.0 = Release|Any CPU
	EndGlobalSection
	GlobalSection(SolutionProperties) = preSolution
		HideSolutionNode = FALSE
	EndGlobalSection
	GlobalSection(ExtensibilityGlobals) = postSolution
		SolutionGuid = {845C8664-B08F-4553-AF39-B74F874B6035}
	EndGlobalSection
EndGlobal
